
Microsoft Visual Studio Solution File, Format Version 12.00
# Visual Studio Version 17
VisualStudioVersion = 17.5.33530.505
MinimumVisualStudioVersion = 10.0.40219.1
Project("{FAE04EC0-301F-11D3-BF4B-00C04F79EFBC}") = "TESTEMPLOYEE", "TESTEMPLOYEE\TESTEMPLOYEE.csproj", "{F675CD68-A1EC-449B-9BB7-B14F208C7D5F}"
EndProject
Global
	GlobalSection(SolutionConfigurationPlatforms) = preSolution
		Debug|Any CPU = Debug|Any CPU
		Release|Any CPU = Release|Any CPU
	EndGlobalSection
	GlobalSection(ProjectConfigurationPlatforms) = postSolution
		{F675CD68-A1EC-449B-9BB7-B14F208C7D5F}.Debug|Any CPU.ActiveCfg = Debug|Any CPU
		{F675CD68-A1EC-449B-9BB7-B14F208C7D5F}.Debug|Any CPU.Build.0 = Debug|Any CPU
		{F675CD68-A1EC-449B-9BB7-B14F208C7D5F}.Release|Any CPU.ActiveCfg = Release|Any CPU
		{F675CD68-A1EC-449B-9BB7-B14F208C7D5F}.Release|Any CPU.Build.0 = Release|Any CPU
	EndGlobalSection
	GlobalSection(SolutionProperties) = preSolution
		HideSolutionNode = FALSE
	EndGlobalSection
	GlobalSection(ExtensibilityGlobals) = postSolution
		SolutionGuid = {A8EFD149-A2D8-4D1F-9232-DDECF2BD6A2D}
	EndGlobalSection
EndGlobal
